// !$*UTF8*$!
{
	archiveVersion = 1;
	classes = {
	};
	objectVersion = 77;
	objects = {

/* Begin PBXBuildFile section */
		F405AA9D2E79AB1F0013FF04 /* CLAUDE.md in Resources */ = {isa = PBXBuildFile; fileRef = F405AA9B2E79AB1F0013FF04 /* CLAUDE.md */; };
		F405AA9F2E79AB1F0013FF04 /* 📈Recent Development Progress.md in Resources */ = {isa = PBXBuildFile; fileRef = F405AA9A2E79AB1F0013FF04 /* 📈Recent Development Progress.md */; };
		F4463FA22E8ED9D700C9F8ED /* Fiva Game Instructions.md in Resources */ = {isa = PBXBuildFile; fileRef = F4463FA12E8ED9D700C9F8ED /* Fiva Game Instructions.md */; };
		F4463FF22E9181A200C9F8ED /* XCTest.framework in Frameworks */ = {isa = PBXBuildFile; fileRef = F4463FF12E9181A200C9F8ED /* XCTest.framework */; platformFilter = ios; };
		F4E2203B2E8896CA00C4E3AD /* Playing cards game board distribution.md in Resources */ = {isa = PBXBuildFile; fileRef = F4E2203A2E8896CA00C4E3AD /* Playing cards game board distribution.md */; };
		F4E2203C2E8896CA00C4E3AD /* Playing Card Components.md in Resources */ = {isa = PBXBuildFile; fileRef = F4E220392E8896CA00C4E3AD /* Playing Card Components.md */; };
/* End PBXBuildFile section */

/* Begin PBXContainerItemProxy section */
		F4463FE52E91801200C9F8ED /* PBXContainerItemProxy */ = {
			isa = PBXContainerItemProxy;
			containerPortal = F405AA802E79985D0013FF04 /* Project object */;
			proxyType = 1;
			remoteGlobalIDString = F405AA872E79985D0013FF04;
			remoteInfo = FivaDev;
		};
/* End PBXContainerItemProxy section */

/* Begin PBXFileReference section */
		F405AA882E79985D0013FF04 /* FivaDev.app */ = {isa = PBXFileReference; explicitFileType = wrapper.application; includeInIndex = 0; path = FivaDev.app; sourceTree = BUILT_PRODUCTS_DIR; };
		F405AA9A2E79AB1F0013FF04 /* 📈Recent Development Progress.md */ = {isa = PBXFileReference; lastKnownFileType = net.daringfireball.markdown; name = "📈Recent Development Progress.md"; path = "/Users/dkauper/Library/Mobile Documents/iCloud~md~obsidian/Documents/Home/Development/📈Recent Development Progress.md"; sourceTree = "<absolute>"; };
		F405AA9B2E79AB1F0013FF04 /* CLAUDE.md */ = {isa = PBXFileReference; lastKnownFileType = net.daringfireball.markdown; name = CLAUDE.md; path = "/Users/dkauper/Library/Mobile Documents/iCloud~md~obsidian/Documents/Home/Development/CLAUDE.md"; sourceTree = "<absolute>"; };
		F4463FA12E8ED9D700C9F8ED /* Fiva Game Instructions.md */ = {isa = PBXFileReference; lastKnownFileType = net.daringfireball.markdown; name = "Fiva Game Instructions.md"; path = "/Users/dkauper/Library/Mobile Documents/iCloud~md~obsidian/Documents/Home/Development/Fiva Game Instructions.md"; sourceTree = "<absolute>"; };
		F4463FE12E91801200C9F8ED /* FivaDevTests.xctest */ = {isa = PBXFileReference; explicitFileType = wrapper.cfbundle; includeInIndex = 0; path = FivaDevTests.xctest; sourceTree = BUILT_PRODUCTS_DIR; };
		F4463FF12E9181A200C9F8ED /* XCTest.framework */ = {isa = PBXFileReference; lastKnownFileType = wrapper.framework; name = XCTest.framework; path = Platforms/iPhoneOS.platform/Developer/Library/Frameworks/XCTest.framework; sourceTree = DEVELOPER_DIR; };
		F4E220392E8896CA00C4E3AD /* Playing Card Components.md */ = {isa = PBXFileReference; lastKnownFileType = net.daringfireball.markdown; name = "Playing Card Components.md"; path = "/Users/dkauper/Library/Mobile Documents/iCloud~md~obsidian/Documents/Home/Development/Playing Card Components.md"; sourceTree = "<absolute>"; };
		F4E2203A2E8896CA00C4E3AD /* Playing cards game board distribution.md */ = {isa = PBXFileReference; lastKnownFileType = net.daringfireball.markdown; name = "Playing cards game board distribution.md"; path = "/Users/dkauper/Library/Mobile Documents/iCloud~md~obsidian/Documents/Home/Development/Playing cards game board distribution.md"; sourceTree = "<absolute>"; };
/* End PBXFileReference section */

/* Begin PBXFileSystemSynchronizedBuildFileExceptionSet section */
		F4463FFF2E918B2500C9F8ED /* Exceptions for "FivaDevTests" folder in "FivaDevTests" target */ = {
			isa = PBXFileSystemSynchronizedBuildFileExceptionSet;
			membershipExceptions = (
				Info.plist,
			);
			target = F4463FE02E91801200C9F8ED /* FivaDevTests */;
		};
/* End PBXFileSystemSynchronizedBuildFileExceptionSet section */

/* Begin PBXFileSystemSynchronizedRootGroup section */
		F405AA8A2E79985D0013FF04 /* FivaDev */ = {
			isa = PBXFileSystemSynchronizedRootGroup;
			path = FivaDev;
			sourceTree = "<group>";
		};
		F4463FE22E91801200C9F8ED /* FivaDevTests */ = {
			isa = PBXFileSystemSynchronizedRootGroup;
			exceptions = (
				F4463FFF2E918B2500C9F8ED /* Exceptions for "FivaDevTests" folder in "FivaDevTests" target */,
			);
			path = FivaDevTests;
			sourceTree = "<group>";
		};
/* End PBXFileSystemSynchronizedRootGroup section */

/* Begin PBXFrameworksBuildPhase section */
		F405AA852E79985D0013FF04 /* Frameworks */ = {
			isa = PBXFrameworksBuildPhase;
			buildActionMask = 2147483647;
			files = (
			);
			runOnlyForDeploymentPostprocessing = 0;
		};
		F4463FDE2E91801200C9F8ED /* Frameworks */ = {
			isa = PBXFrameworksBuildPhase;
			buildActionMask = 2147483647;
			files = (
				F4463FF22E9181A200C9F8ED /* XCTest.framework in Frameworks */,
			);
			runOnlyForDeploymentPostprocessing = 0;
		};
/* End PBXFrameworksBuildPhase section */

/* Begin PBXGroup section */
		F405AA7F2E79985D0013FF04 = {
			isa = PBXGroup;
			children = (
				F4463FA12E8ED9D700C9F8ED /* Fiva Game Instructions.md */,
				F4E220392E8896CA00C4E3AD /* Playing Card Components.md */,
				F4E2203A2E8896CA00C4E3AD /* Playing cards game board distribution.md */,
				F405AA9A2E79AB1F0013FF04 /* 📈Recent Development Progress.md */,
				F405AA9B2E79AB1F0013FF04 /* CLAUDE.md */,
				F405AA8A2E79985D0013FF04 /* FivaDev */,
				F4463FE22E91801200C9F8ED /* FivaDevTests */,
				F4463FF02E9181A200C9F8ED /* Frameworks */,
				F405AA892E79985D0013FF04 /* Products */,
			);
			sourceTree = "<group>";
		};
		F405AA892E79985D0013FF04 /* Products */ = {
			isa = PBXGroup;
			children = (
				F405AA882E79985D0013FF04 /* FivaDev.app */,
				F4463FE12E91801200C9F8ED /* FivaDevTests.xctest */,
			);
			name = Products;
			sourceTree = "<group>";
		};
		F4463FF02E9181A200C9F8ED /* Frameworks */ = {
			isa = PBXGroup;
			children = (
				F4463FF12E9181A200C9F8ED /* XCTest.framework */,
			);
			name = Frameworks;
			sourceTree = "<group>";
		};
/* End PBXGroup section */

/* Begin PBXNativeTarget section */
		F405AA872E79985D0013FF04 /* FivaDev */ = {
			isa = PBXNativeTarget;
			buildConfigurationList = F405AA952E79985F0013FF04 /* Build configuration list for PBXNativeTarget "FivaDev" */;
			buildPhases = (
				F405AA842E79985D0013FF04 /* Sources */,
				F405AA852E79985D0013FF04 /* Frameworks */,
				F405AA862E79985D0013FF04 /* Resources */,
			);
			buildRules = (
			);
			dependencies = (
			);
			fileSystemSynchronizedGroups = (
				F405AA8A2E79985D0013FF04 /* FivaDev */,
			);
			name = FivaDev;
			packageProductDependencies = (
			);
			productName = FivaDev;
			productReference = F405AA882E79985D0013FF04 /* FivaDev.app */;
			productType = "com.apple.product-type.application";
		};
		F4463FE02E91801200C9F8ED /* FivaDevTests */ = {
			isa = PBXNativeTarget;
			buildConfigurationList = F4463FE92E91801200C9F8ED /* Build configuration list for PBXNativeTarget "FivaDevTests" */;
			buildPhases = (
				F4463FDD2E91801200C9F8ED /* Sources */,
				F4463FDE2E91801200C9F8ED /* Frameworks */,
				F4463FDF2E91801200C9F8ED /* Resources */,
			);
			buildRules = (
			);
			dependencies = (
				F4463FE62E91801200C9F8ED /* PBXTargetDependency */,
			);
			fileSystemSynchronizedGroups = (
				F4463FE22E91801200C9F8ED /* FivaDevTests */,
			);
			name = FivaDevTests;
			packageProductDependencies = (
			);
			productName = FivaDevTests;
			productReference = F4463FE12E91801200C9F8ED /* FivaDevTests.xctest */;
			productType = "com.apple.product-type.bundle.unit-test";
		};
/* End PBXNativeTarget section */

/* Begin PBXProject section */
		F405AA802E79985D0013FF04 /* Project object */ = {
			isa = PBXProject;
			attributes = {
				BuildIndependentTargetsInParallel = 1;
				LastSwiftUpdateCheck = 2600;
				LastUpgradeCheck = 2600;
				TargetAttributes = {
					F405AA872E79985D0013FF04 = {
						CreatedOnToolsVersion = 26.0;
					};
					F4463FE02E91801200C9F8ED = {
						CreatedOnToolsVersion = 26.0.1;
						TestTargetID = F405AA872E79985D0013FF04;
					};
				};
			};
			buildConfigurationList = F405AA832E79985D0013FF04 /* Build configuration list for PBXProject "FivaDev" */;
			developmentRegion = en;
			hasScannedForEncodings = 0;
			knownRegions = (
				en,
				Base,
			);
			mainGroup = F405AA7F2E79985D0013FF04;
			minimizedProjectReferenceProxies = 1;
			preferredProjectObjectVersion = 77;
			productRefGroup = F405AA892E79985D0013FF04 /* Products */;
			projectDirPath = "";
			projectRoot = "";
			targets = (
				F405AA872E79985D0013FF04 /* FivaDev */,
				F4463FE02E91801200C9F8ED /* FivaDevTests */,
			);
		};
/* End PBXProject section */

/* Begin PBXResourcesBuildPhase section */
		F405AA862E79985D0013FF04 /* Resources */ = {
			isa = PBXResourcesBuildPhase;
			buildActionMask = 2147483647;
			files = (
				F405AA9D2E79AB1F0013FF04 /* CLAUDE.md in Resources */,
				F4463FA22E8ED9D700C9F8ED /* Fiva Game Instructions.md in Resources */,
				F4E2203B2E8896CA00C4E3AD /* Playing cards game board distribution.md in Resources */,
				F4E2203C2E8896CA00C4E3AD /* Playing Card Components.md in Resources */,
				F405AA9F2E79AB1F0013FF04 /* 📈Recent Development Progress.md in Resources */,
			);
			runOnlyForDeploymentPostprocessing = 0;
		};
		F4463FDF2E91801200C9F8ED /* Resources */ = {
			isa = PBXResourcesBuildPhase;
			buildActionMask = 2147483647;
			files = (
			);
			runOnlyForDeploymentPostprocessing = 0;
		};
/* End PBXResourcesBuildPhase section */

/* Begin PBXSourcesBuildPhase section */
		F405AA842E79985D0013FF04 /* Sources */ = {
			isa = PBXSourcesBuildPhase;
			buildActionMask = 2147483647;
			files = (
			);
			runOnlyForDeploymentPostprocessing = 0;
		};
		F4463FDD2E91801200C9F8ED /* Sources */ = {
			isa = PBXSourcesBuildPhase;
			buildActionMask = 2147483647;
			files = (
			);
			runOnlyForDeploymentPostprocessing = 0;
		};
/* End PBXSourcesBuildPhase section */

/* Begin PBXTargetDependency section */
		F4463FE62E91801200C9F8ED /* PBXTargetDependency */ = {
			isa = PBXTargetDependency;
			target = F405AA872E79985D0013FF04 /* FivaDev */;
			targetProxy = F4463FE52E91801200C9F8ED /* PBXContainerItemProxy */;
		};
/* End PBXTargetDependency section */

/* Begin XCBuildConfiguration section */
		F405AA932E79985F0013FF04 /* Debug */ = {
			isa = XCBuildConfiguration;
			buildSettings = {
				ALWAYS_SEARCH_USER_PATHS = NO;
				ASSETCATALOG_COMPILER_GENERATE_SWIFT_ASSET_SYMBOL_EXTENSIONS = YES;
				CLANG_ANALYZER_NONNULL = YES;
				CLANG_ANALYZER_NUMBER_OBJECT_CONVERSION = YES_AGGRESSIVE;
				CLANG_CXX_LANGUAGE_STANDARD = "gnu++20";
				CLANG_ENABLE_MODULES = YES;
				CLANG_ENABLE_OBJC_ARC = YES;
				CLANG_ENABLE_OBJC_WEAK = YES;
				CLANG_WARN_BLOCK_CAPTURE_AUTORELEASING = YES;
				CLANG_WARN_BOOL_CONVERSION = YES;
				CLANG_WARN_COMMA = YES;
				CLANG_WARN_CONSTANT_CONVERSION = YES;
				CLANG_WARN_DEPRECATED_OBJC_IMPLEMENTATIONS = YES;
				CLANG_WARN_DIRECT_OBJC_ISA_USAGE = YES_ERROR;
				CLANG_WARN_DOCUMENTATION_COMMENTS = YES;
				CLANG_WARN_EMPTY_BODY = YES;
				CLANG_WARN_ENUM_CONVERSION = YES;
				CLANG_WARN_INFINITE_RECURSION = YES;
				CLANG_WARN_INT_CONVERSION = YES;
				CLANG_WARN_NON_LITERAL_NULL_CONVERSION = YES;
				CLANG_WARN_OBJC_IMPLICIT_RETAIN_SELF = YES;
				CLANG_WARN_OBJC_LITERAL_CONVERSION = YES;
				CLANG_WARN_OBJC_ROOT_CLASS = YES_ERROR;
				CLANG_WARN_QUOTED_INCLUDE_IN_FRAMEWORK_HEADER = YES;
				CLANG_WARN_RANGE_LOOP_ANALYSIS = YES;
				CLANG_WARN_STRICT_PROTOTYPES = YES;
				CLANG_WARN_SUSPICIOUS_MOVE = YES;
				CLANG_WARN_UNGUARDED_AVAILABILITY = YES_AGGRESSIVE;
				CLANG_WARN_UNREACHABLE_CODE = YES;
				CLANG_WARN__DUPLICATE_METHOD_MATCH = YES;
				COPY_PHASE_STRIP = NO;
				DEBUG_INFORMATION_FORMAT = dwarf;
				DEVELOPMENT_TEAM = TYBX4ZL924;
				ENABLE_STRICT_OBJC_MSGSEND = YES;
				ENABLE_TESTABILITY = YES;
				ENABLE_USER_SCRIPT_SANDBOXING = YES;
				GCC_C_LANGUAGE_STANDARD = gnu17;
				GCC_DYNAMIC_NO_PIC = NO;
				GCC_NO_COMMON_BLOCKS = YES;
				GCC_OPTIMIZATION_LEVEL = 0;
				GCC_PREPROCESSOR_DEFINITIONS = (
					"DEBUG=1",
					"$(inherited)",
				);
				GCC_WARN_64_TO_32_BIT_CONVERSION = YES;
				GCC_WARN_ABOUT_RETURN_TYPE = YES_ERROR;
				GCC_WARN_UNDECLARED_SELECTOR = YES;
				GCC_WARN_UNINITIALIZED_AUTOS = YES_AGGRESSIVE;
				GCC_WARN_UNUSED_FUNCTION = YES;
				GCC_WARN_UNUSED_VARIABLE = YES;
				LOCALIZATION_PREFERS_STRING_CATALOGS = YES;
				MTL_ENABLE_DEBUG_INFO = INCLUDE_SOURCE;
				MTL_FAST_MATH = YES;
				ONLY_ACTIVE_ARCH = YES;
				SWIFT_ACTIVE_COMPILATION_CONDITIONS = "DEBUG $(inherited)";
				SWIFT_OPTIMIZATION_LEVEL = "-Onone";
			};
			name = Debug;
		};
		F405AA942E79985F0013FF04 /* Release */ = {
			isa = XCBuildConfiguration;
			buildSettings = {
				ALWAYS_SEARCH_USER_PATHS = NO;
				ASSETCATALOG_COMPILER_GENERATE_SWIFT_ASSET_SYMBOL_EXTENSIONS = YES;
				CLANG_ANALYZER_NONNULL = YES;
				CLANG_ANALYZER_NUMBER_OBJECT_CONVERSION = YES_AGGRESSIVE;
				CLANG_CXX_LANGUAGE_STANDARD = "gnu++20";
				CLANG_ENABLE_MODULES = YES;
				CLANG_ENABLE_OBJC_ARC = YES;
				CLANG_ENABLE_OBJC_WEAK = YES;
				CLANG_WARN_BLOCK_CAPTURE_AUTORELEASING = YES;
				CLANG_WARN_BOOL_CONVERSION = YES;
				CLANG_WARN_COMMA = YES;
				CLANG_WARN_CONSTANT_CONVERSION = YES;
				CLANG_WARN_DEPRECATED_OBJC_IMPLEMENTATIONS = YES;
				CLANG_WARN_DIRECT_OBJC_ISA_USAGE = YES_ERROR;
				CLANG_WARN_DOCUMENTATION_COMMENTS = YES;
				CLANG_WARN_EMPTY_BODY = YES;
				CLANG_WARN_ENUM_CONVERSION = YES;
				CLANG_WARN_INFINITE_RECURSION = YES;
				CLANG_WARN_INT_CONVERSION = YES;
				CLANG_WARN_NON_LITERAL_NULL_CONVERSION = YES;
				CLANG_WARN_OBJC_IMPLICIT_RETAIN_SELF = YES;
				CLANG_WARN_OBJC_LITERAL_CONVERSION = YES;
				CLANG_WARN_OBJC_ROOT_CLASS = YES_ERROR;
				CLANG_WARN_QUOTED_INCLUDE_IN_FRAMEWORK_HEADER = YES;
				CLANG_WARN_RANGE_LOOP_ANALYSIS = YES;
				CLANG_WARN_STRICT_PROTOTYPES = YES;
				CLANG_WARN_SUSPICIOUS_MOVE = YES;
				CLANG_WARN_UNGUARDED_AVAILABILITY = YES_AGGRESSIVE;
				CLANG_WARN_UNREACHABLE_CODE = YES;
				CLANG_WARN__DUPLICATE_METHOD_MATCH = YES;
				COPY_PHASE_STRIP = NO;
				DEBUG_INFORMATION_FORMAT = "dwarf-with-dsym";
				DEVELOPMENT_TEAM = TYBX4ZL924;
				ENABLE_NS_ASSERTIONS = NO;
				ENABLE_STRICT_OBJC_MSGSEND = YES;
				ENABLE_USER_SCRIPT_SANDBOXING = YES;
				GCC_C_LANGUAGE_STANDARD = gnu17;
				GCC_NO_COMMON_BLOCKS = YES;
				GCC_WARN_64_TO_32_BIT_CONVERSION = YES;
				GCC_WARN_ABOUT_RETURN_TYPE = YES_ERROR;
				GCC_WARN_UNDECLARED_SELECTOR = YES;
				GCC_WARN_UNINITIALIZED_AUTOS = YES_AGGRESSIVE;
				GCC_WARN_UNUSED_FUNCTION = YES;
				GCC_WARN_UNUSED_VARIABLE = YES;
				LOCALIZATION_PREFERS_STRING_CATALOGS = YES;
				MTL_ENABLE_DEBUG_INFO = NO;
				MTL_FAST_MATH = YES;
				SWIFT_COMPILATION_MODE = wholemodule;
			};
			name = Release;
		};
		F405AA962E79985F0013FF04 /* Debug */ = {
			isa = XCBuildConfiguration;
			buildSettings = {
				ASSETCATALOG_COMPILER_APPICON_NAME = Fiva_Logo;
				ASSETCATALOG_COMPILER_GLOBAL_ACCENT_COLOR_NAME = AccentColor;
				ASSETCATALOG_COMPILER_INCLUDE_ALL_APPICON_ASSETS = YES;
				CODE_SIGN_ENTITLEMENTS = "";
				CODE_SIGN_STYLE = Automatic;
				CURRENT_PROJECT_VERSION = 1;
				DEVELOPMENT_TEAM = TYBX4ZL924;
				ENABLE_APP_SANDBOX = YES;
				ENABLE_HARDENED_RUNTIME = YES;
				ENABLE_PREVIEWS = YES;
				ENABLE_USER_SELECTED_FILES = readonly;
				GENERATE_INFOPLIST_FILE = YES;
				INFOPLIST_KEY_CFBundleDisplayName = Fiva;
				INFOPLIST_KEY_NSCameraUsageDescription = CAMERA_USAGE_DESCRIPTION;
				"INFOPLIST_KEY_UIApplicationSceneManifest_Generation[sdk=iphoneos*]" = YES;
				"INFOPLIST_KEY_UIApplicationSceneManifest_Generation[sdk=iphonesimulator*]" = YES;
				"INFOPLIST_KEY_UIApplicationSupportsIndirectInputEvents[sdk=iphoneos*]" = YES;
				"INFOPLIST_KEY_UIApplicationSupportsIndirectInputEvents[sdk=iphonesimulator*]" = YES;
				"INFOPLIST_KEY_UILaunchScreen_Generation[sdk=iphoneos*]" = YES;
				"INFOPLIST_KEY_UILaunchScreen_Generation[sdk=iphonesimulator*]" = YES;
				"INFOPLIST_KEY_UIStatusBarStyle[sdk=iphoneos*]" = UIStatusBarStyleDefault;
				"INFOPLIST_KEY_UIStatusBarStyle[sdk=iphonesimulator*]" = UIStatusBarStyleDefault;
				INFOPLIST_KEY_UISupportedInterfaceOrientations_iPad = "UIInterfaceOrientationPortrait UIInterfaceOrientationPortraitUpsideDown UIInterfaceOrientationLandscapeLeft UIInterfaceOrientationLandscapeRight";
				INFOPLIST_KEY_UISupportedInterfaceOrientations_iPhone = "UIInterfaceOrientationPortrait UIInterfaceOrientationLandscapeLeft UIInterfaceOrientationLandscapeRight";
				IPHONEOS_DEPLOYMENT_TARGET = 26.0;
				LD_RUNPATH_SEARCH_PATHS = "@executable_path/Frameworks";
				"LD_RUNPATH_SEARCH_PATHS[sdk=macosx*]" = "@executable_path/../Frameworks";
				MACOSX_DEPLOYMENT_TARGET = 26.0;
				MARKETING_VERSION = 1.0;
				PRODUCT_BUNDLE_IDENTIFIER = com.wrapsys.FivaDev;
				PRODUCT_NAME = "$(TARGET_NAME)";
				REGISTER_APP_GROUPS = YES;
				SDKROOT = auto;
				STRING_CATALOG_GENERATE_SYMBOLS = YES;
				SUPPORTED_PLATFORMS = "iphoneos iphonesimulator macosx";
				SUPPORTS_MACCATALYST = NO;
				SWIFT_APPROACHABLE_CONCURRENCY = YES;
				SWIFT_DEFAULT_ACTOR_ISOLATION = MainActor;
				SWIFT_EMIT_LOC_STRINGS = YES;
				SWIFT_UPCOMING_FEATURE_MEMBER_IMPORT_VISIBILITY = YES;
				SWIFT_VERSION = 5.0;
				TARGETED_DEVICE_FAMILY = "1,2";
				XROS_DEPLOYMENT_TARGET = 26.0;
			};
			name = Debug;
		};
		F405AA972E79985F0013FF04 /* Release */ = {
			isa = XCBuildConfiguration;
			buildSettings = {
				ASSETCATALOG_COMPILER_APPICON_NAME = Fiva_Logo;
				ASSETCATALOG_COMPILER_GLOBAL_ACCENT_COLOR_NAME = AccentColor;
				ASSETCATALOG_COMPILER_INCLUDE_ALL_APPICON_ASSETS = YES;
				CODE_SIGN_ENTITLEMENTS = "";
				CODE_SIGN_STYLE = Automatic;
				CURRENT_PROJECT_VERSION = 1;
				DEVELOPMENT_TEAM = TYBX4ZL924;
				ENABLE_APP_SANDBOX = YES;
				ENABLE_HARDENED_RUNTIME = YES;
				ENABLE_PREVIEWS = YES;
				ENABLE_USER_SELECTED_FILES = readonly;
				GENERATE_INFOPLIST_FILE = YES;
				INFOPLIST_KEY_CFBundleDisplayName = Fiva;
				INFOPLIST_KEY_NSCameraUsageDescription = CAMERA_USAGE_DESCRIPTION;
				"INFOPLIST_KEY_UIApplicationSceneManifest_Generation[sdk=iphoneos*]" = YES;
				"INFOPLIST_KEY_UIApplicationSceneManifest_Generation[sdk=iphonesimulator*]" = YES;
				"INFOPLIST_KEY_UIApplicationSupportsIndirectInputEvents[sdk=iphoneos*]" = YES;
				"INFOPLIST_KEY_UIApplicationSupportsIndirectInputEvents[sdk=iphonesimulator*]" = YES;
				"INFOPLIST_KEY_UILaunchScreen_Generation[sdk=iphoneos*]" = YES;
				"INFOPLIST_KEY_UILaunchScreen_Generation[sdk=iphonesimulator*]" = YES;
				"INFOPLIST_KEY_UIStatusBarStyle[sdk=iphoneos*]" = UIStatusBarStyleDefault;
				"INFOPLIST_KEY_UIStatusBarStyle[sdk=iphonesimulator*]" = UIStatusBarStyleDefault;
				INFOPLIST_KEY_UISupportedInterfaceOrientations_iPad = "UIInterfaceOrientationPortrait UIInterfaceOrientationPortraitUpsideDown UIInterfaceOrientationLandscapeLeft UIInterfaceOrientationLandscapeRight";
				INFOPLIST_KEY_UISupportedInterfaceOrientations_iPhone = "UIInterfaceOrientationPortrait UIInterfaceOrientationLandscapeLeft UIInterfaceOrientationLandscapeRight";
				IPHONEOS_DEPLOYMENT_TARGET = 26.0;
				LD_RUNPATH_SEARCH_PATHS = "@executable_path/Frameworks";
				"LD_RUNPATH_SEARCH_PATHS[sdk=macosx*]" = "@executable_path/../Frameworks";
				MACOSX_DEPLOYMENT_TARGET = 26.0;
				MARKETING_VERSION = 1.0;
				PRODUCT_BUNDLE_IDENTIFIER = com.wrapsys.FivaDev;
				PRODUCT_NAME = "$(TARGET_NAME)";
				REGISTER_APP_GROUPS = YES;
				SDKROOT = auto;
				STRING_CATALOG_GENERATE_SYMBOLS = YES;
				SUPPORTED_PLATFORMS = "iphoneos iphonesimulator macosx";
				SUPPORTS_MACCATALYST = NO;
				SWIFT_APPROACHABLE_CONCURRENCY = YES;
				SWIFT_DEFAULT_ACTOR_ISOLATION = MainActor;
				SWIFT_EMIT_LOC_STRINGS = YES;
				SWIFT_UPCOMING_FEATURE_MEMBER_IMPORT_VISIBILITY = YES;
				SWIFT_VERSION = 5.0;
				TARGETED_DEVICE_FAMILY = "1,2";
				XROS_DEPLOYMENT_TARGET = 26.0;
			};
			name = Release;
		};
		F4463FE72E91801200C9F8ED /* Debug */ = {
			isa = XCBuildConfiguration;
			buildSettings = {
				BUNDLE_LOADER = "$(TEST_HOST)";
				CODE_SIGN_STYLE = Automatic;
				CURRENT_PROJECT_VERSION = 1;
				DEVELOPMENT_TEAM = TYBX4ZL924;
				GENERATE_INFOPLIST_FILE = YES;
				INFOPLIST_FILE = FivaDevTests/Info.plist;
				IPHONEOS_DEPLOYMENT_TARGET = 26.0;
				MARKETING_VERSION = 1.0;
				PRODUCT_BUNDLE_IDENTIFIER = com.wrapsys.FivaDevTests;
				PRODUCT_NAME = "$(TARGET_NAME)";
				SDKROOT = iphoneos;
				STRING_CATALOG_GENERATE_SYMBOLS = NO;
				SWIFT_APPROACHABLE_CONCURRENCY = YES;
				SWIFT_EMIT_LOC_STRINGS = NO;
				SWIFT_UPCOMING_FEATURE_MEMBER_IMPORT_VISIBILITY = YES;
				SWIFT_VERSION = 5.0;
				TARGETED_DEVICE_FAMILY = "1,2";
				TEST_HOST = "$(BUILT_PRODUCTS_DIR)/FivaDev.app/$(BUNDLE_EXECUTABLE_FOLDER_PATH)/FivaDev";
			};
			name = Debug;
		};
		F4463FE82E91801200C9F8ED /* Release */ = {
			isa = XCBuildConfiguration;
			buildSettings = {
				BUNDLE_LOADER = "$(TEST_HOST)";
				CODE_SIGN_STYLE = Automatic;
				CURRENT_PROJECT_VERSION = 1;
				DEVELOPMENT_TEAM = TYBX4ZL924;
				GENERATE_INFOPLIST_FILE = YES;
				INFOPLIST_FILE = FivaDevTests/Info.plist;
				IPHONEOS_DEPLOYMENT_TARGET = 26.0;
				MARKETING_VERSION = 1.0;
				PRODUCT_BUNDLE_IDENTIFIER = com.wrapsys.FivaDevTests;
				PRODUCT_NAME = "$(TARGET_NAME)";
				SDKROOT = iphoneos;
				STRING_CATALOG_GENERATE_SYMBOLS = NO;
				SWIFT_APPROACHABLE_CONCURRENCY = YES;
				SWIFT_EMIT_LOC_STRINGS = NO;
				SWIFT_UPCOMING_FEATURE_MEMBER_IMPORT_VISIBILITY = YES;
				SWIFT_VERSION = 5.0;
				TARGETED_DEVICE_FAMILY = "1,2";
				TEST_HOST = "$(BUILT_PRODUCTS_DIR)/FivaDev.app/$(BUNDLE_EXECUTABLE_FOLDER_PATH)/FivaDev";
				VALIDATE_PRODUCT = YES;
			};
			name = Release;
		};
/* End XCBuildConfiguration section */

/* Begin XCConfigurationList section */
		F405AA832E79985D0013FF04 /* Build configuration list for PBXProject "FivaDev" */ = {
			isa = XCConfigurationList;
			buildConfigurations = (
				F405AA932E79985F0013FF04 /* Debug */,
				F405AA942E79985F0013FF04 /* Release */,
			);
			defaultConfigurationIsVisible = 0;
			defaultConfigurationName = Release;
		};
		F405AA952E79985F0013FF04 /* Build configuration list for PBXNativeTarget "FivaDev" */ = {
			isa = XCConfigurationList;
			buildConfigurations = (
				F405AA962E79985F0013FF04 /* Debug */,
				F405AA972E79985F0013FF04 /* Release */,
			);
			defaultConfigurationIsVisible = 0;
			defaultConfigurationName = Release;
		};
		F4463FE92E91801200C9F8ED /* Build configuration list for PBXNativeTarget "FivaDevTests" */ = {
			isa = XCConfigurationList;
			buildConfigurations = (
				F4463FE72E91801200C9F8ED /* Debug */,
				F4463FE82E91801200C9F8ED /* Release */,
			);
			defaultConfigurationIsVisible = 0;
			defaultConfigurationName = Release;
		};
/* End XCConfigurationList section */
	};
	rootObject = F405AA802E79985D0013FF04 /* Project object */;
}
